
Microsoft Visual Studio Solution File, Format Version 12.00
# Visual Studio Version 17
VisualStudioVersion = 17.9.34728.123
MinimumVisualStudioVersion = 10.0.40219.1
Project("{9A19103F-16F7-4668-BE54-9A1E7A4F7556}") = "Stuffmanagement2", "Stuffmanagement2\Stuffmanagement2.csproj", "{9C843BE8-9CDC-419D-BB3F-924C46408F61}"
EndProject
Global
	GlobalSection(SolutionConfigurationPlatforms) = preSolution
		Debug|Any CPU = Debug|Any CPU
		Release|Any CPU = Release|Any CPU
	EndGlobalSection
	GlobalSection(ProjectConfigurationPlatforms) = postSolution
		{9C843BE8-9CDC-419D-BB3F-924C46408F61}.Debug|Any CPU.ActiveCfg = Debug|Any CPU
		{9C843BE8-9CDC-419D-BB3F-924C46408F61}.Debug|Any CPU.Build.0 = Debug|Any CPU
		{9C843BE8-9CDC-419D-BB3F-924C46408F61}.Release|Any CPU.ActiveCfg = Release|Any CPU
		{9C843BE8-9CDC-419D-BB3F-924C46408F61}.Release|Any CPU.Build.0 = Release|Any CPU
	EndGlobalSection
	GlobalSection(SolutionProperties) = preSolution
		HideSolutionNode = FALSE
	EndGlobalSection
	GlobalSection(ExtensibilityGlobals) = postSolution
		SolutionGuid = {A2C336D5-42DC-47CB-BCF9-44507C6D9846}
	EndGlobalSection
EndGlobal
